
Microsoft Visual Studio Solution File, Format Version 12.00
# Visual Studio Version 17
VisualStudioVersion = 17.11.35208.52
MinimumVisualStudioVersion = 10.0.40219.1
Project("{FAE04EC0-301F-11D3-BF4B-00C04F79EFBC}") = "MongoDbCRUD", "MongoDbCRUD.csproj", "{A761F871-4268-4CD9-8A98-8B0F6452AD70}"
EndProject
Global
	GlobalSection(SolutionConfigurationPlatforms) = preSolution
		Debug|Any CPU = Debug|Any CPU
		Release|Any CPU = Release|Any CPU
	EndGlobalSection
	GlobalSection(ProjectConfigurationPlatforms) = postSolution
		{A761F871-4268-4CD9-8A98-8B0F6452AD70}.Debug|Any CPU.ActiveCfg = Debug|Any CPU
		{A761F871-4268-4CD9-8A98-8B0F6452AD70}.Debug|Any CPU.Build.0 = Debug|Any CPU
		{A761F871-4268-4CD9-8A98-8B0F6452AD70}.Release|Any CPU.ActiveCfg = Release|Any CPU
		{A761F871-4268-4CD9-8A98-8B0F6452AD70}.Release|Any CPU.Build.0 = Release|Any CPU
	EndGlobalSection
	GlobalSection(SolutionProperties) = preSolution
		HideSolutionNode = FALSE
	EndGlobalSection
	GlobalSection(ExtensibilityGlobals) = postSolution
		SolutionGuid = {0761425D-F40C-4A27-8475-505EF9A25F8C}
	EndGlobalSection
EndGlobal
